
Microsoft Visual Studio Solution File, Format Version 12.00
# Visual Studio Version 16
VisualStudioVersion = 16.6.30114.105
MinimumVisualStudioVersion = 10.0.40219.1
Project("{FAE04EC0-301F-11D3-BF4B-00C04F79EFBC}") = "API", "API\API.csproj", "{8D79BD4D-4895-4FB8-A086-4881A3FBAE84}"
EndProject
Project("{FAE04EC0-301F-11D3-BF4B-00C04F79EFBC}") = "Domain", "Domain\Domain.csproj", "{86FF8694-7406-4B5E-9C69-92CFFD69C3F8}"
EndProject
Project("{FAE04EC0-301F-11D3-BF4B-00C04F79EFBC}") = "Application", "Application\Application.csproj", "{E4C05FA0-AA29-462C-9012-FC1AC1328154}"
EndProject
Project("{FAE04EC0-301F-11D3-BF4B-00C04F79EFBC}") = "Persistence", "Persistence\Persistence.csproj", "{908AAE3D-1A4E-490E-9580-197AD6CC5E0C}"
EndProject
Global
	GlobalSection(SolutionConfigurationPlatforms) = preSolution
		Debug|Any CPU = Debug|Any CPU
		Debug|x64 = Debug|x64
		Debug|x86 = Debug|x86
		Release|Any CPU = Release|Any CPU
		Release|x64 = Release|x64
		Release|x86 = Release|x86
	EndGlobalSection
	GlobalSection(SolutionProperties) = preSolution
		HideSolutionNode = FALSE
	EndGlobalSection
	GlobalSection(ProjectConfigurationPlatforms) = postSolution
		{8D79BD4D-4895-4FB8-A086-4881A3FBAE84}.Debug|Any CPU.ActiveCfg = Debug|Any CPU
		{8D79BD4D-4895-4FB8-A086-4881A3FBAE84}.Debug|Any CPU.Build.0 = Debug|Any CPU
		{8D79BD4D-4895-4FB8-A086-4881A3FBAE84}.Debug|x64.ActiveCfg = Debug|Any CPU
		{8D79BD4D-4895-4FB8-A086-4881A3FBAE84}.Debug|x64.Build.0 = Debug|Any CPU
		{8D79BD4D-4895-4FB8-A086-4881A3FBAE84}.Debug|x86.ActiveCfg = Debug|Any CPU
		{8D79BD4D-4895-4FB8-A086-4881A3FBAE84}.Debug|x86.Build.0 = Debug|Any CPU
		{8D79BD4D-4895-4FB8-A086-4881A3FBAE84}.Release|Any CPU.ActiveCfg = Release|Any CPU
		{8D79BD4D-4895-4FB8-A086-4881A3FBAE84}.Release|Any CPU.Build.0 = Release|Any CPU
		{8D79BD4D-4895-4FB8-A086-4881A3FBAE84}.Release|x64.ActiveCfg = Release|Any CPU
		{8D79BD4D-4895-4FB8-A086-4881A3FBAE84}.Release|x64.Build.0 = Release|Any CPU
		{8D79BD4D-4895-4FB8-A086-4881A3FBAE84}.Release|x86.ActiveCfg = Release|Any CPU
		{8D79BD4D-4895-4FB8-A086-4881A3FBAE84}.Release|x86.Build.0 = Release|Any CPU
		{86FF8694-7406-4B5E-9C69-92CFFD69C3F8}.Debug|Any CPU.ActiveCfg = Debug|Any CPU
		{86FF8694-7406-4B5E-9C69-92CFFD69C3F8}.Debug|Any CPU.Build.0 = Debug|Any CPU
		{86FF8694-7406-4B5E-9C69-92CFFD69C3F8}.Debug|x64.ActiveCfg = Debug|Any CPU
		{86FF8694-7406-4B5E-9C69-92CFFD69C3F8}.Debug|x64.Build.0 = Debug|Any CPU
		{86FF8694-7406-4B5E-9C69-92CFFD69C3F8}.Debug|x86.ActiveCfg = Debug|Any CPU
		{86FF8694-7406-4B5E-9C69-92CFFD69C3F8}.Debug|x86.Build.0 = Debug|Any CPU
		{86FF8694-7406-4B5E-9C69-92CFFD69C3F8}.Release|Any CPU.ActiveCfg = Release|Any CPU
		{86FF8694-7406-4B5E-9C69-92CFFD69C3F8}.Release|Any CPU.Build.0 = Release|Any CPU
		{86FF8694-7406-4B5E-9C69-92CFFD69C3F8}.Release|x64.ActiveCfg = Release|Any CPU
		{86FF8694-7406-4B5E-9C69-92CFFD69C3F8}.Release|x64.Build.0 = Release|Any CPU
		{86FF8694-7406-4B5E-9C69-92CFFD69C3F8}.Release|x86.ActiveCfg = Release|Any CPU
		{86FF8694-7406-4B5E-9C69-92CFFD69C3F8}.Release|x86.Build.0 = Release|Any CPU
		{E4C05FA0-AA29-462C-9012-FC1AC1328154}.Debug|Any CPU.ActiveCfg = Debug|Any CPU
		{E4C05FA0-AA29-462C-9012-FC1AC1328154}.Debug|Any CPU.Build.0 = Debug|Any CPU
		{E4C05FA0-AA29-462C-9012-FC1AC1328154}.Debug|x64.ActiveCfg = Debug|Any CPU
		{E4C05FA0-AA29-462C-9012-FC1AC1328154}.Debug|x64.Build.0 = Debug|Any CPU
		{E4C05FA0-AA29-462C-9012-FC1AC1328154}.Debug|x86.ActiveCfg = Debug|Any CPU
		{E4C05FA0-AA29-462C-9012-FC1AC1328154}.Debug|x86.Build.0 = Debug|Any CPU
		{E4C05FA0-AA29-462C-9012-FC1AC1328154}.Release|Any CPU.ActiveCfg = Release|Any CPU
		{E4C05FA0-AA29-462C-9012-FC1AC1328154}.Release|Any CPU.Build.0 = Release|Any CPU
		{E4C05FA0-AA29-462C-9012-FC1AC1328154}.Release|x64.ActiveCfg = Release|Any CPU
		{E4C05FA0-AA29-462C-9012-FC1AC1328154}.Release|x64.Build.0 = Release|Any CPU
		{E4C05FA0-AA29-462C-9012-FC1AC1328154}.Release|x86.ActiveCfg = Release|Any CPU
		{E4C05FA0-AA29-462C-9012-FC1AC1328154}.Release|x86.Build.0 = Release|Any CPU
		{908AAE3D-1A4E-490E-9580-197AD6CC5E0C}.Debug|Any CPU.ActiveCfg = Debug|Any CPU
		{908AAE3D-1A4E-490E-9580-197AD6CC5E0C}.Debug|Any CPU.Build.0 = Debug|Any CPU
		{908AAE3D-1A4E-490E-9580-197AD6CC5E0C}.Debug|x64.ActiveCfg = Debug|Any CPU
		{908AAE3D-1A4E-490E-9580-197AD6CC5E0C}.Debug|x64.Build.0 = Debug|Any CPU
		{908AAE3D-1A4E-490E-9580-197AD6CC5E0C}.Debug|x86.ActiveCfg = Debug|Any CPU
		{908AAE3D-1A4E-490E-9580-197AD6CC5E0C}.Debug|x86.Build.0 = Debug|Any CPU
		{908AAE3D-1A4E-490E-9580-197AD6CC5E0C}.Release|Any CPU.ActiveCfg = Release|Any CPU
		{908AAE3D-1A4E-490E-9580-197AD6CC5E0C}.Release|Any CPU.Build.0 = Release|Any CPU
		{908AAE3D-1A4E-490E-9580-197AD6CC5E0C}.Release|x64.ActiveCfg = Release|Any CPU
		{908AAE3D-1A4E-490E-9580-197AD6CC5E0C}.Release|x64.Build.0 = Release|Any CPU
		{908AAE3D-1A4E-490E-9580-197AD6CC5E0C}.Release|x86.ActiveCfg = Release|Any CPU
		{908AAE3D-1A4E-490E-9580-197AD6CC5E0C}.Release|x86.Build.0 = Release|Any CPU
	EndGlobalSection
EndGlobal
